
Microsoft Visual Studio Solution File, Format Version 12.00
# Visual Studio 15
VisualStudioVersion = 15.0.26430.13
MinimumVisualStudioVersion = 10.0.40219.1
Project("{FAE04EC0-301F-11D3-BF4B-00C04F79EFBC}") = "netcoreFlashcards", "src\netcoreFlashcards\netcoreFlashcards.csproj", "{32BD94A9-2433-42E4-BC49-9B49CAA41B5A}"
EndProject
Global
	GlobalSection(SolutionConfigurationPlatforms) = preSolution
		Debug|Any CPU = Debug|Any CPU
		Release|Any CPU = Release|Any CPU
	EndGlobalSection
	GlobalSection(ProjectConfigurationPlatforms) = postSolution
		{32BD94A9-2433-42E4-BC49-9B49CAA41B5A}.Debug|Any CPU.ActiveCfg = Debug|Any CPU
		{32BD94A9-2433-42E4-BC49-9B49CAA41B5A}.Debug|Any CPU.Build.0 = Debug|Any CPU
		{32BD94A9-2433-42E4-BC49-9B49CAA41B5A}.Release|Any CPU.ActiveCfg = Release|Any CPU
		{32BD94A9-2433-42E4-BC49-9B49CAA41B5A}.Release|Any CPU.Build.0 = Release|Any CPU
	EndGlobalSection
	GlobalSection(SolutionProperties) = preSolution
		HideSolutionNode = FALSE
	EndGlobalSection
EndGlobal
